Microsoft Visual Studio Solution File, Format Version 11.00
# Visual Studio 2008

Project("{7A5E57BA-9C4A-7593-DA06-808907145BD8}") = "TJB", "Assembly-CSharp.csproj", "{BC8D1E3A-2480-F5FF-CC83-EC89033B3EFA}"
EndProject
Project("{7A5E57BA-9C4A-7593-DA06-808907145BD8}") = "TJB", "Assembly-CSharp-Editor.csproj", "{3833E5AA-B178-B218-3448-F7B6B2EC88E3}"
EndProject
Project("{7A5E57BA-9C4A-7593-DA06-808907145BD8}") = "TJB", "Assembly-UnityScript.unityproj", "{8745CEEE-46FD-2A6A-62D8-F6A0477A45AD}"
EndProject
Global
	GlobalSection(SolutionConfigurationPlatforms) = preSolution
		Debug|Any CPU = Debug|Any CPU
		Release|Any CPU = Release|Any CPU
	EndGlobalSection
	GlobalSection(ProjectConfigurationPlatforms) = postSolution
		{BC8D1E3A-2480-F5FF-CC83-EC89033B3EFA}.Debug|Any CPU.ActiveCfg = Debug|Any CPU
		{BC8D1E3A-2480-F5FF-CC83-EC89033B3EFA}.Debug|Any CPU.Build.0 = Debug|Any CPU
		{BC8D1E3A-2480-F5FF-CC83-EC89033B3EFA}.Release|Any CPU.ActiveCfg = Release|Any CPU
		{BC8D1E3A-2480-F5FF-CC83-EC89033B3EFA}.Release|Any CPU.Build.0 = Release|Any CPU
		{3833E5AA-B178-B218-3448-F7B6B2EC88E3}.Debug|Any CPU.ActiveCfg = Debug|Any CPU
		{3833E5AA-B178-B218-3448-F7B6B2EC88E3}.Debug|Any CPU.Build.0 = Debug|Any CPU
		{3833E5AA-B178-B218-3448-F7B6B2EC88E3}.Release|Any CPU.ActiveCfg = Release|Any CPU
		{3833E5AA-B178-B218-3448-F7B6B2EC88E3}.Release|Any CPU.Build.0 = Release|Any CPU
		{8745CEEE-46FD-2A6A-62D8-F6A0477A45AD}.Debug|Any CPU.ActiveCfg = Debug|Any CPU
		{8745CEEE-46FD-2A6A-62D8-F6A0477A45AD}.Debug|Any CPU.Build.0 = Debug|Any CPU
		{8745CEEE-46FD-2A6A-62D8-F6A0477A45AD}.Release|Any CPU.ActiveCfg = Release|Any CPU
		{8745CEEE-46FD-2A6A-62D8-F6A0477A45AD}.Release|Any CPU.Build.0 = Release|Any CPU
	EndGlobalSection
	GlobalSection(SolutionProperties) = preSolution
		HideSolutionNode = FALSE
	EndGlobalSection
																																																													GlobalSection(MonoDevelopProperties) = preSolution
		StartupItem = Assembly-CSharp.csproj
		Policies = $0
		$0.TextStylePolicy = $1
		$1.inheritsSet = null
		$1.scope = text/x-csharp
		$0.CSharpFormattingPolicy = $2
		$2.inheritsSet = Mono
		$2.inheritsScope = text/x-csharp
		$2.scope = text/x-csharp
		$0.TextStylePolicy = $3
		$3.FileWidth = 120
		$3.TabWidth = 4
		$3.EolMarker = Unix
		$3.inheritsSet = Mono
		$3.inheritsScope = text/plain
		$3.scope = text/plain
	EndGlobalSection

EndGlobal
